<?xml version="1.0" encoding="utf-8"?>
<Project ToolsVersion="4.0" xmlns="http://schemas.microsoft.com/developer/msbuild/2003">
  <ItemGroup>
    <ClCompile Include="DebugUtility.cpp">
      <Filter>Source Files</Filter>
    </ClCompile>
    <ClCompile Include="DependencyGraph.cpp">
      <Filter>Source Files</Filter>
    </ClCompile>
    <ClCompile Include="PipelineSim.cpp">
      <Filter>Source Files</Filter>
    </ClCompile>
    <ClCompile Include="stdafx.cpp">
      <Filter>Source Files</Filter>
    </ClCompile>
    <ClCompile Include="Pipeline_Main.cpp">
      <Filter>Source Files</Filter>
    </ClCompile>
  </ItemGroup>
  <ItemGroup>
    <ClInclude Include="CommonDef.h">
      <Filter>Include Files</Filter>
    </ClInclude>
    <ClInclude Include="DebugUtility.h">
      <Filter>Include Files</Filter>
    </ClInclude>
    <ClInclude Include="DependencyGraph.h">
      <Filter>Include Files</Filter>
    </ClInclude>
    <ClInclude Include="PipelineSim.h">
      <Filter>Include Files</Filter>
    </ClInclude>
    <ClInclude Include="stdafx.h">
      <Filter>Include Files</Filter>
    </ClInclude>
    <ClInclude Include="targetver.h">
      <Filter>Include Files</Filter>
    </ClInclude>
  </ItemGroup>
  <ItemGroup>
    <Filter Include="Source Files">
      <UniqueIdentifier>{3adbfed4-a41e-4bb1-b7b6-72e2d32acfd9}</UniqueIdentifier>
    </Filter>
    <Filter Include="Include Files">
      <UniqueIdentifier>{79d010f2-041c-417d-a6cb-b46bc90223ee}</UniqueIdentifier>
    </Filter>
  </ItemGroup>
  <ItemGroup>
    <Text Include="ReadMe.txt" />
  </ItemGroup>
</Project>